dependencies:
- name: platform-library
  repository: file://../../../charts/platform-library
  version: 0.1.0
- name: infisical-standalone
  repository: https://dl.cloudsmith.io/public/infisical/helm-charts/helm/charts/
  version: 1.7.2
digest: sha256:f33d7ead0bccccb3990f98a1ec452614576caa91ae6fdfc7083176d93d56d9b3
generated: "2025-12-25T21:21:11.951014-08:00"
